
Microsoft Visual Studio Solution File, Format Version 12.00
# Visual Studio 15
VisualStudioVersion = 15.0.26124.0
MinimumVisualStudioVersion = 15.0.26124.0
Project("{2150E333-8FDC-42A3-9474-1A3956D46DE8}") = "src", "src", "{D0CBA447-FDAF-4BE5-A325-DAB7249F69AE}"
EndProject
Project("{FAE04EC0-301F-11D3-BF4B-00C04F79EFBC}") = "PokeSpeare.Service", "src\PokeSpeare.Service\PokeSpeare.Service.csproj", "{1AF14B21-C05E-42E2-9A7F-13CD48E83D8F}"
EndProject
Project("{2150E333-8FDC-42A3-9474-1A3956D46DE8}") = "tests", "tests", "{5670640B-43E4-4947-8F2E-8CF8EF7D2997}"
EndProject
Project("{FAE04EC0-301F-11D3-BF4B-00C04F79EFBC}") = "PokeSpeare.Service.UnitTests", "tests\PokeSpeare.Service.UnitTests\PokeSpeare.Service.UnitTests.csproj", "{CDBDBEEB-1D66-4AFA-BE5F-DC7E46E3AD9B}"
EndProject
Project("{FAE04EC0-301F-11D3-BF4B-00C04F79EFBC}") = "PokeSpeare.Service.IntegrationTests", "tests\PokeSpeare.Service.IntegrationTests\PokeSpeare.Service.IntegrationTests.csproj", "{BC794057-13E5-49A1-A5E1-1F886576A77D}"
EndProject
Global
	GlobalSection(SolutionConfigurationPlatforms) = preSolution
		Debug|Any CPU = Debug|Any CPU
		Debug|x64 = Debug|x64
		Debug|x86 = Debug|x86
		Release|Any CPU = Release|Any CPU
		Release|x64 = Release|x64
		Release|x86 = Release|x86
	EndGlobalSection
	GlobalSection(SolutionProperties) = preSolution
		HideSolutionNode = FALSE
	EndGlobalSection
	GlobalSection(ProjectConfigurationPlatforms) = postSolution
		{1AF14B21-C05E-42E2-9A7F-13CD48E83D8F}.Debug|Any CPU.ActiveCfg = Debug|Any CPU
		{1AF14B21-C05E-42E2-9A7F-13CD48E83D8F}.Debug|Any CPU.Build.0 = Debug|Any CPU
		{1AF14B21-C05E-42E2-9A7F-13CD48E83D8F}.Debug|x64.ActiveCfg = Debug|Any CPU
		{1AF14B21-C05E-42E2-9A7F-13CD48E83D8F}.Debug|x64.Build.0 = Debug|Any CPU
		{1AF14B21-C05E-42E2-9A7F-13CD48E83D8F}.Debug|x86.ActiveCfg = Debug|Any CPU
		{1AF14B21-C05E-42E2-9A7F-13CD48E83D8F}.Debug|x86.Build.0 = Debug|Any CPU
		{1AF14B21-C05E-42E2-9A7F-13CD48E83D8F}.Release|Any CPU.ActiveCfg = Release|Any CPU
		{1AF14B21-C05E-42E2-9A7F-13CD48E83D8F}.Release|Any CPU.Build.0 = Release|Any CPU
		{1AF14B21-C05E-42E2-9A7F-13CD48E83D8F}.Release|x64.ActiveCfg = Release|Any CPU
		{1AF14B21-C05E-42E2-9A7F-13CD48E83D8F}.Release|x64.Build.0 = Release|Any CPU
		{1AF14B21-C05E-42E2-9A7F-13CD48E83D8F}.Release|x86.ActiveCfg = Release|Any CPU
		{1AF14B21-C05E-42E2-9A7F-13CD48E83D8F}.Release|x86.Build.0 = Release|Any CPU
		{CDBDBEEB-1D66-4AFA-BE5F-DC7E46E3AD9B}.Debug|Any CPU.ActiveCfg = Debug|Any CPU
		{CDBDBEEB-1D66-4AFA-BE5F-DC7E46E3AD9B}.Debug|Any CPU.Build.0 = Debug|Any CPU
		{CDBDBEEB-1D66-4AFA-BE5F-DC7E46E3AD9B}.Debug|x64.ActiveCfg = Debug|Any CPU
		{CDBDBEEB-1D66-4AFA-BE5F-DC7E46E3AD9B}.Debug|x64.Build.0 = Debug|Any CPU
		{CDBDBEEB-1D66-4AFA-BE5F-DC7E46E3AD9B}.Debug|x86.ActiveCfg = Debug|Any CPU
		{CDBDBEEB-1D66-4AFA-BE5F-DC7E46E3AD9B}.Debug|x86.Build.0 = Debug|Any CPU
		{CDBDBEEB-1D66-4AFA-BE5F-DC7E46E3AD9B}.Release|Any CPU.ActiveCfg = Release|Any CPU
		{CDBDBEEB-1D66-4AFA-BE5F-DC7E46E3AD9B}.Release|Any CPU.Build.0 = Release|Any CPU
		{CDBDBEEB-1D66-4AFA-BE5F-DC7E46E3AD9B}.Release|x64.ActiveCfg = Release|Any CPU
		{CDBDBEEB-1D66-4AFA-BE5F-DC7E46E3AD9B}.Release|x64.Build.0 = Release|Any CPU
		{CDBDBEEB-1D66-4AFA-BE5F-DC7E46E3AD9B}.Release|x86.ActiveCfg = Release|Any CPU
		{CDBDBEEB-1D66-4AFA-BE5F-DC7E46E3AD9B}.Release|x86.Build.0 = Release|Any CPU
		{BC794057-13E5-49A1-A5E1-1F886576A77D}.Debug|Any CPU.ActiveCfg = Debug|Any CPU
		{BC794057-13E5-49A1-A5E1-1F886576A77D}.Debug|Any CPU.Build.0 = Debug|Any CPU
		{BC794057-13E5-49A1-A5E1-1F886576A77D}.Debug|x64.ActiveCfg = Debug|Any CPU
		{BC794057-13E5-49A1-A5E1-1F886576A77D}.Debug|x64.Build.0 = Debug|Any CPU
		{BC794057-13E5-49A1-A5E1-1F886576A77D}.Debug|x86.ActiveCfg = Debug|Any CPU
		{BC794057-13E5-49A1-A5E1-1F886576A77D}.Debug|x86.Build.0 = Debug|Any CPU
		{BC794057-13E5-49A1-A5E1-1F886576A77D}.Release|Any CPU.ActiveCfg = Release|Any CPU
		{BC794057-13E5-49A1-A5E1-1F886576A77D}.Release|Any CPU.Build.0 = Release|Any CPU
		{BC794057-13E5-49A1-A5E1-1F886576A77D}.Release|x64.ActiveCfg = Release|Any CPU
		{BC794057-13E5-49A1-A5E1-1F886576A77D}.Release|x64.Build.0 = Release|Any CPU
		{BC794057-13E5-49A1-A5E1-1F886576A77D}.Release|x86.ActiveCfg = Release|Any CPU
		{BC794057-13E5-49A1-A5E1-1F886576A77D}.Release|x86.Build.0 = Release|Any CPU
	EndGlobalSection
	GlobalSection(NestedProjects) = preSolution
		{1AF14B21-C05E-42E2-9A7F-13CD48E83D8F} = {D0CBA447-FDAF-4BE5-A325-DAB7249F69AE}
		{CDBDBEEB-1D66-4AFA-BE5F-DC7E46E3AD9B} = {5670640B-43E4-4947-8F2E-8CF8EF7D2997}
		{BC794057-13E5-49A1-A5E1-1F886576A77D} = {5670640B-43E4-4947-8F2E-8CF8EF7D2997}
	EndGlobalSection
EndGlobal
